
Microsoft Visual Studio Solution File, Format Version 12.00
# Visual Studio Version 17
VisualStudioVersion = 17.14.36518.9 d17.14
MinimumVisualStudioVersion = 10.0.40219.1
Project("{FAE04EC0-301F-11D3-BF4B-00C04F79EFBC}") = "DemoMVC", "DemoMVC\DemoMVC.csproj", "{4AF45318-E0C8-4409-8958-2E8B2C51327F}"
EndProject
Global
	GlobalSection(SolutionConfigurationPlatforms) = preSolution
		Debug|Any CPU = Debug|Any CPU
		Release|Any CPU = Release|Any CPU
	EndGlobalSection
	GlobalSection(ProjectConfigurationPlatforms) = postSolution
		{4AF45318-E0C8-4409-8958-2E8B2C51327F}.Debug|Any CPU.ActiveCfg = Debug|Any CPU
		{4AF45318-E0C8-4409-8958-2E8B2C51327F}.Debug|Any CPU.Build.0 = Debug|Any CPU
		{4AF45318-E0C8-4409-8958-2E8B2C51327F}.Release|Any CPU.ActiveCfg = Release|Any CPU
		{4AF45318-E0C8-4409-8958-2E8B2C51327F}.Release|Any CPU.Build.0 = Release|Any CPU
	EndGlobalSection
	GlobalSection(SolutionProperties) = preSolution
		HideSolutionNode = FALSE
	EndGlobalSection
	GlobalSection(ExtensibilityGlobals) = postSolution
		SolutionGuid = {75BA381A-A3EB-4639-8551-22CB1F92B1FD}
	EndGlobalSection
EndGlobal
